
Microsoft Visual Studio Solution File, Format Version 12.00
# Visual Studio Version 17
VisualStudioVersion = 17.4.33213.308
MinimumVisualStudioVersion = 10.0.40219.1
Project("{FAE04EC0-301F-11D3-BF4B-00C04F79EFBC}") = "lesson_02022023", "lesson_02022023.csproj", "{ED102B5E-304D-4403-A714-1609008746A9}"
EndProject
Global
	GlobalSection(SolutionConfigurationPlatforms) = preSolution
		Debug|Any CPU = Debug|Any CPU
		Release|Any CPU = Release|Any CPU
	EndGlobalSection
	GlobalSection(ProjectConfigurationPlatforms) = postSolution
		{ED102B5E-304D-4403-A714-1609008746A9}.Debug|Any CPU.ActiveCfg = Debug|Any CPU
		{ED102B5E-304D-4403-A714-1609008746A9}.Debug|Any CPU.Build.0 = Debug|Any CPU
		{ED102B5E-304D-4403-A714-1609008746A9}.Release|Any CPU.ActiveCfg = Release|Any CPU
		{ED102B5E-304D-4403-A714-1609008746A9}.Release|Any CPU.Build.0 = Release|Any CPU
	EndGlobalSection
	GlobalSection(SolutionProperties) = preSolution
		HideSolutionNode = FALSE
	EndGlobalSection
	GlobalSection(ExtensibilityGlobals) = postSolution
		SolutionGuid = {9895F758-D630-4DC1-9641-E5948DA3C315}
	EndGlobalSection
EndGlobal
