
Microsoft Visual Studio Solution File, Format Version 12.00
# Visual Studio Version 16
VisualStudioVersion = 16.0.32630.194
MinimumVisualStudioVersion = 10.0.40219.1
Project("{FAE04EC0-301F-11D3-BF4B-00C04F79EFBC}") = "lesson_02022023", "lesson_02022023.csproj", "{1BC790D7-A79C-4F71-9FE2-41CAF4AC4DEF}"
EndProject
Global
	GlobalSection(SolutionConfigurationPlatforms) = preSolution
		Debug|Any CPU = Debug|Any CPU
		Release|Any CPU = Release|Any CPU
	EndGlobalSection
	GlobalSection(ProjectConfigurationPlatforms) = postSolution
		{1BC790D7-A79C-4F71-9FE2-41CAF4AC4DEF}.Debug|Any CPU.ActiveCfg = Debug|Any CPU
		{1BC790D7-A79C-4F71-9FE2-41CAF4AC4DEF}.Debug|Any CPU.Build.0 = Debug|Any CPU
		{1BC790D7-A79C-4F71-9FE2-41CAF4AC4DEF}.Release|Any CPU.ActiveCfg = Release|Any CPU
		{1BC790D7-A79C-4F71-9FE2-41CAF4AC4DEF}.Release|Any CPU.Build.0 = Release|Any CPU
	EndGlobalSection
	GlobalSection(SolutionProperties) = preSolution
		HideSolutionNode = FALSE
	EndGlobalSection
	GlobalSection(ExtensibilityGlobals) = postSolution
		SolutionGuid = {42C7DF4A-8343-4C0A-8CFD-42975F6D8453}
	EndGlobalSection
EndGlobal
