
Microsoft Visual Studio Solution File, Format Version 12.00
# Visual Studio Version 17
VisualStudioVersion = 17.4.33213.308
MinimumVisualStudioVersion = 10.0.40219.1
Project("{FAE04EC0-301F-11D3-BF4B-00C04F79EFBC}") = "lesson_02022023", "lesson_02022023.csproj", "{E1DFDB12-07A5-455D-9DD8-AE9665565546}"
EndProject
Global
	GlobalSection(SolutionConfigurationPlatforms) = preSolution
		Debug|Any CPU = Debug|Any CPU
		Release|Any CPU = Release|Any CPU
	EndGlobalSection
	GlobalSection(ProjectConfigurationPlatforms) = postSolution
		{E1DFDB12-07A5-455D-9DD8-AE9665565546}.Debug|Any CPU.ActiveCfg = Debug|Any CPU
		{E1DFDB12-07A5-455D-9DD8-AE9665565546}.Debug|Any CPU.Build.0 = Debug|Any CPU
		{E1DFDB12-07A5-455D-9DD8-AE9665565546}.Release|Any CPU.ActiveCfg = Release|Any CPU
		{E1DFDB12-07A5-455D-9DD8-AE9665565546}.Release|Any CPU.Build.0 = Release|Any CPU
	EndGlobalSection
	GlobalSection(SolutionProperties) = preSolution
		HideSolutionNode = FALSE
	EndGlobalSection
	GlobalSection(ExtensibilityGlobals) = postSolution
		SolutionGuid = {72306F93-995F-4954-8EC5-242CE8336ECF}
	EndGlobalSection
EndGlobal
